lockfileVersion: 5.4

specifiers:
  go-mon: ^0.0.5

dependencies:
  go-mon: 0.0.5

packages:

  /colors/0.6.2:
    resolution: {integrity: sha512-OsSVtHK8Ir8r3+Fxw/b4jS1ZLPXkV6ZxDRJQzeD7qo0SqMXWrHDM71DgYzPMHY8SFJ0Ao+nNU2p1MmwdzKqPrw==}
    engines: {node: '>=0.1.90'}
    dev: false

  /go-mon/0.0.5:
    resolution: {integrity: sha512-dPE7qyB9r+R7v/ZkolvmlufbsoKvYluIw2RMUZfe+pdRGXUDwnjQ6OpKSgvoXwPy8F0fAc1StTsHRAqjAaBlSQ==}
    hasBin: true
    dependencies:
      colors: 0.6.2
      minimist: 0.0.5
      watch: 0.8.0
    dev: false

  /minimist/0.0.5:
    resolution: {integrity: sha512-rSJ0cdmCj3qmKdObcnMcWgPVOyaOWlazLhZAJW0s6G6lx1ZEuFkraWmEH5LTvX90btkfHPclQBjvjU7A/kYRFg==}
    dev: false

  /watch/0.8.0:
    resolution: {integrity: sha512-iSHijIgOHV31dRweeUDtCUfRyP8O0VzqTpFyv13OC4gyXY1bKc0k2yjY5r5JFJSFhy+Q8sZTudC/6cGlsILC/g==}
    engines: {'0': node >=0.1.95}
    dev: false
